# This file is automatically @generated by Poetry 1.8.3 and should not be changed by hand.

[[package]]
name = "lib-a"
version = "0.1.0"
description = "Package 'a' with a shared namespace (ns)"
optional = false
python-versions = ">=3.10,<4.0"
files = [
    {file = "lib_a-0.1.0-py3-none-any.whl", hash = "sha256:4138edf24c60a7032e271dcfcdb8b3dcb5173118526ea185c9e17197f7d3161d"},
]

[package.source]
type = "file"
url = "../lib_a/dist/lib_a-0.1.0-py3-none-any.whl"

[[package]]
name = "lib-b"
version = "0.1.0"
description = "Package 'b' with a shared namespace (ns)"
optional = false
python-versions = ">=3.10,<4.0"
files = [
    {file = "lib_b-0.1.0-py3-none-any.whl", hash = "sha256:105e4b692ee0791106c1ba565e37445e8203a09a6c6638382551cecbc1df1588"},
]

[package.dependencies]
lib_a = {path = "/home/fkluiben/git/namespace_test/lib_a/dist/lib_a-0.1.0-py3-none-any.whl"}

[package.source]
type = "file"
url = "../lib_b/dist/lib_b-0.1.0-py3-none-any.whl"

[metadata]
lock-version = "2.0"
python-versions = "^3.10"
content-hash = "ad8f21cb54a3f67d3bd965f206ba01b1e1fd3132dab1a8c07a8600858649d5e3"
