# This file is automatically @generated by Poetry 1.8.3 and should not be changed by hand.

[[package]]
name = "lib-a"
version = "0.1.0"
description = "Package 'a' with a shared namespace (ns)"
optional = false
python-versions = ">=3.10,<4.0"
files = [
    {file = "lib_a-0.1.0-py3-none-any.whl", hash = "sha256:4138edf24c60a7032e271dcfcdb8b3dcb5173118526ea185c9e17197f7d3161d"},
]

[package.source]
type = "file"
url = "../lib_a/dist/lib_a-0.1.0-py3-none-any.whl"

[metadata]
lock-version = "2.0"
python-versions = "^3.10"
content-hash = "42382c1edfdedd8b69c8cb5524c9a98e25a50f79cc4e6bedc4c7b8f5ef32fd02"
